// !$*UTF8*$!
{
	archiveVersion = 1;
	classes = {
	};
	objectVersion = 56;
	objects = {

/* Begin PBXBuildFile section */
		430CA4C729771AF700C39A57 /* HomeViewController.swift in Sources */ = {isa = PBXBuildFile; fileRef = 430CA4C629771AF700C39A57 /* HomeViewController.swift */; };
		430CA4C929771B0E00C39A57 /* SearchViewController.swift in Sources */ = {isa = PBXBuildFile; fileRef = 430CA4C829771B0E00C39A57 /* SearchViewController.swift */; };
		430CA4CB29771B2700C39A57 /* FavoriteViewController.swift in Sources */ = {isa = PBXBuildFile; fileRef = 430CA4CA29771B2700C39A57 /* FavoriteViewController.swift */; };
		430CA4CD29771B4700C39A57 /* EditViewController.swift in Sources */ = {isa = PBXBuildFile; fileRef = 430CA4CC29771B4700C39A57 /* EditViewController.swift */; };
		430CA4CF29771EB700C39A57 /* TabBarController.swift in Sources */ = {isa = PBXBuildFile; fileRef = 430CA4CE29771EB700C39A57 /* TabBarController.swift */; };
		430CA4E32977213000C39A57 /* EnteranceViewController.swift in Sources */ = {isa = PBXBuildFile; fileRef = 430CA4E22977213000C39A57 /* EnteranceViewController.swift */; };
		430CA4EC2977513300C39A57 /* HomeHeader.swift in Sources */ = {isa = PBXBuildFile; fileRef = 430CA4EA2977513300C39A57 /* HomeHeader.swift */; };
		430CA4ED2977513300C39A57 /* HomeHeader.xib in Resources */ = {isa = PBXBuildFile; fileRef = 430CA4EB2977513300C39A57 /* HomeHeader.xib */; };
		430CA4F029776F3600C39A57 /* HomeHorizontalCell.swift in Sources */ = {isa = PBXBuildFile; fileRef = 430CA4EE29776F3600C39A57 /* HomeHorizontalCell.swift */; };
		430CA4F129776F3600C39A57 /* HomeHorizontalCell.xib in Resources */ = {isa = PBXBuildFile; fileRef = 430CA4EF29776F3600C39A57 /* HomeHorizontalCell.xib */; };
		4315E61A297A803B008EF84E /* HomeHelper.swift in Sources */ = {isa = PBXBuildFile; fileRef = 4315E619297A803B008EF84E /* HomeHelper.swift */; };
		4315E61C297A8049008EF84E /* HomeManager.swift in Sources */ = {isa = PBXBuildFile; fileRef = 4315E61B297A8049008EF84E /* HomeManager.swift */; };
		4315E61E297A8B9B008EF84E /* Game.swift in Sources */ = {isa = PBXBuildFile; fileRef = 4315E61D297A8B9B008EF84E /* Game.swift */; };
		4315E620297A9002008EF84E /* HomeViewModel.swift in Sources */ = {isa = PBXBuildFile; fileRef = 4315E61F297A9002008EF84E /* HomeViewModel.swift */; };
		4315E624297B315C008EF84E /* UIImageView+Extension.swift in Sources */ = {isa = PBXBuildFile; fileRef = 4315E623297B315C008EF84E /* UIImageView+Extension.swift */; };
		43CB90902975CE7A001E991F /* AppDelegate.swift in Sources */ = {isa = PBXBuildFile; fileRef = 43CB908F2975CE7A001E991F /* AppDelegate.swift */; };
		43CB90922975CE7A001E991F /* SceneDelegate.swift in Sources */ = {isa = PBXBuildFile; fileRef = 43CB90912975CE7A001E991F /* SceneDelegate.swift */; };
		43CB90972975CE7A001E991F /* Main.storyboard in Resources */ = {isa = PBXBuildFile; fileRef = 43CB90952975CE7A001E991F /* Main.storyboard */; };
		43CB909A2975CE7A001E991F /* Gameful.xcdatamodeld in Sources */ = {isa = PBXBuildFile; fileRef = 43CB90982975CE7A001E991F /* Gameful.xcdatamodeld */; };
		43CB909C2975CE7A001E991F /* Assets.xcassets in Resources */ = {isa = PBXBuildFile; fileRef = 43CB909B2975CE7A001E991F /* Assets.xcassets */; };
		43CB909F2975CE7A001E991F /* LaunchScreen.storyboard in Resources */ = {isa = PBXBuildFile; fileRef = 43CB909D2975CE7A001E991F /* LaunchScreen.storyboard */; };
		43D0AD9A2975D3290031903D /* InternetManager.swift in Sources */ = {isa = PBXBuildFile; fileRef = 43D0AD992975D3290031903D /* InternetManager.swift */; };
		43D0AD9C2975D33E0031903D /* InternetHelper.swift in Sources */ = {isa = PBXBuildFile; fileRef = 43D0AD9B2975D33E0031903D /* InternetHelper.swift */; };
		43E732392978550E003E7C6E /* HomeVerticalCell.swift in Sources */ = {isa = PBXBuildFile; fileRef = 43E732372978550E003E7C6E /* HomeVerticalCell.swift */; };
		43E7323A2978550E003E7C6E /* HomeVerticalCell.xib in Resources */ = {isa = PBXBuildFile; fileRef = 43E732382978550E003E7C6E /* HomeVerticalCell.xib */; };
		F6F24B3FB73AC21E2F867FC3 /* Pods_Gameful.framework in Frameworks */ = {isa = PBXBuildFile; fileRef = 5BD53A7E8CC597E4FD01A4F4 /* Pods_Gameful.framework */; };
/* End PBXBuildFile section */

/* Begin PBXFileReference section */
		430CA4C629771AF700C39A57 /* HomeViewController.swift */ = {isa = PBXFileReference; lastKnownFileType = sourcecode.swift; path = HomeViewController.swift; sourceTree = "<group>"; };
		430CA4C829771B0E00C39A57 /* SearchViewController.swift */ = {isa = PBXFileReference; lastKnownFileType = sourcecode.swift; path = SearchViewController.swift; sourceTree = "<group>"; };
		430CA4CA29771B2700C39A57 /* FavoriteViewController.swift */ = {isa = PBXFileReference; lastKnownFileType = sourcecode.swift; path = FavoriteViewController.swift; sourceTree = "<group>"; };
		430CA4CC29771B4700C39A57 /* EditViewController.swift */ = {isa = PBXFileReference; lastKnownFileType = sourcecode.swift; path = EditViewController.swift; sourceTree = "<group>"; };
		430CA4CE29771EB700C39A57 /* TabBarController.swift */ = {isa = PBXFileReference; lastKnownFileType = sourcecode.swift; path = TabBarController.swift; sourceTree = "<group>"; };
		430CA4E22977213000C39A57 /* EnteranceViewController.swift */ = {isa = PBXFileReference; lastKnownFileType = sourcecode.swift; path = EnteranceViewController.swift; sourceTree = "<group>"; };
		430CA4EA2977513300C39A57 /* HomeHeader.swift */ = {isa = PBXFileReference; lastKnownFileType = sourcecode.swift; path = HomeHeader.swift; sourceTree = "<group>"; };
		430CA4EB2977513300C39A57 /* HomeHeader.xib */ = {isa = PBXFileReference; lastKnownFileType = file.xib; path = HomeHeader.xib; sourceTree = "<group>"; };
		430CA4EE29776F3600C39A57 /* HomeHorizontalCell.swift */ = {isa = PBXFileReference; lastKnownFileType = sourcecode.swift; path = HomeHorizontalCell.swift; sourceTree = "<group>"; };
		430CA4EF29776F3600C39A57 /* HomeHorizontalCell.xib */ = {isa = PBXFileReference; lastKnownFileType = file.xib; path = HomeHorizontalCell.xib; sourceTree = "<group>"; };
		4315E619297A803B008EF84E /* HomeHelper.swift */ = {isa = PBXFileReference; lastKnownFileType = sourcecode.swift; path = HomeHelper.swift; sourceTree = "<group>"; };
		4315E61B297A8049008EF84E /* HomeManager.swift */ = {isa = PBXFileReference; lastKnownFileType = sourcecode.swift; path = HomeManager.swift; sourceTree = "<group>"; };
		4315E61D297A8B9B008EF84E /* Game.swift */ = {isa = PBXFileReference; lastKnownFileType = sourcecode.swift; path = Game.swift; sourceTree = "<group>"; };
		4315E61F297A9002008EF84E /* HomeViewModel.swift */ = {isa = PBXFileReference; lastKnownFileType = sourcecode.swift; path = HomeViewModel.swift; sourceTree = "<group>"; };
		4315E623297B315C008EF84E /* UIImageView+Extension.swift */ = {isa = PBXFileReference; lastKnownFileType = sourcecode.swift; path = "UIImageView+Extension.swift"; sourceTree = "<group>"; };
		43CB908C2975CE7A001E991F /* Gameful.app */ = {isa = PBXFileReference; explicitFileType = wrapper.application; includeInIndex = 0; path = Gameful.app; sourceTree = BUILT_PRODUCTS_DIR; };
		43CB908F2975CE7A001E991F /* AppDelegate.swift */ = {isa = PBXFileReference; lastKnownFileType = sourcecode.swift; path = AppDelegate.swift; sourceTree = "<group>"; };
		43CB90912975CE7A001E991F /* SceneDelegate.swift */ = {isa = PBXFileReference; lastKnownFileType = sourcecode.swift; path = SceneDelegate.swift; sourceTree = "<group>"; };
		43CB90962975CE7A001E991F /* Base */ = {isa = PBXFileReference; lastKnownFileType = file.storyboard; name = Base; path = Base.lproj/Main.storyboard; sourceTree = "<group>"; };
		43CB90992975CE7A001E991F /* Gameful.xcdatamodel */ = {isa = PBXFileReference; lastKnownFileType = wrapper.xcdatamodel; path = Gameful.xcdatamodel; sourceTree = "<group>"; };
		43CB909B2975CE7A001E991F /* Assets.xcassets */ = {isa = PBXFileReference; lastKnownFileType = folder.assetcatalog; path = Assets.xcassets; sourceTree = "<group>"; };
		43CB909E2975CE7A001E991F /* Base */ = {isa = PBXFileReference; lastKnownFileType = file.storyboard; name = Base; path = Base.lproj/LaunchScreen.storyboard; sourceTree = "<group>"; };
		43CB90A02975CE7A001E991F /* Info.plist */ = {isa = PBXFileReference; lastKnownFileType = text.plist.xml; path = Info.plist; sourceTree = "<group>"; };
		43D0AD992975D3290031903D /* InternetManager.swift */ = {isa = PBXFileReference; lastKnownFileType = sourcecode.swift; path = InternetManager.swift; sourceTree = "<group>"; };
		43D0AD9B2975D33E0031903D /* InternetHelper.swift */ = {isa = PBXFileReference; lastKnownFileType = sourcecode.swift; path = InternetHelper.swift; sourceTree = "<group>"; };
		43E732372978550E003E7C6E /* HomeVerticalCell.swift */ = {isa = PBXFileReference; lastKnownFileType = sourcecode.swift; path = HomeVerticalCell.swift; sourceTree = "<group>"; };
		43E732382978550E003E7C6E /* HomeVerticalCell.xib */ = {isa = PBXFileReference; lastKnownFileType = file.xib; path = HomeVerticalCell.xib; sourceTree = "<group>"; };
		514033EA5888F9ED2213C9CF /* Pods-Gameful.debug.xcconfig */ = {isa = PBXFileReference; includeInIndex = 1; lastKnownFileType = text.xcconfig; name = "Pods-Gameful.debug.xcconfig"; path = "Target Support Files/Pods-Gameful/Pods-Gameful.debug.xcconfig"; sourceTree = "<group>"; };
		5BD53A7E8CC597E4FD01A4F4 /* Pods_Gameful.framework */ = {isa = PBXFileReference; explicitFileType = wrapper.framework; includeInIndex = 0; path = Pods_Gameful.framework; sourceTree = BUILT_PRODUCTS_DIR; };
		89B179F43165C7CCCBF48B5C /* Pods-Gameful.release.xcconfig */ = {isa = PBXFileReference; includeInIndex = 1; lastKnownFileType = text.xcconfig; name = "Pods-Gameful.release.xcconfig"; path = "Target Support Files/Pods-Gameful/Pods-Gameful.release.xcconfig"; sourceTree = "<group>"; };
/* End PBXFileReference section */

/* Begin PBXFrameworksBuildPhase section */
		43CB90892975CE79001E991F /* Frameworks */ = {
			isa = PBXFrameworksBuildPhase;
			buildActionMask = 2147483647;
			files = (
				F6F24B3FB73AC21E2F867FC3 /* Pods_Gameful.framework in Frameworks */,
			);
			runOnlyForDeploymentPostprocessing = 0;
		};
/* End PBXFrameworksBuildPhase section */

/* Begin PBXGroup section */
		08CB321A63C1FBA6A012A3E3 /* Pods */ = {
			isa = PBXGroup;
			children = (
				514033EA5888F9ED2213C9CF /* Pods-Gameful.debug.xcconfig */,
				89B179F43165C7CCCBF48B5C /* Pods-Gameful.release.xcconfig */,
			);
			path = Pods;
			sourceTree = "<group>";
		};
		336DF1B746D5CCB651B16BCB /* Frameworks */ = {
			isa = PBXGroup;
			children = (
				5BD53A7E8CC597E4FD01A4F4 /* Pods_Gameful.framework */,
			);
			name = Frameworks;
			sourceTree = "<group>";
		};
		430CA4D029771F4400C39A57 /* Scene */ = {
			isa = PBXGroup;
			children = (
				430CA4E22977213000C39A57 /* EnteranceViewController.swift */,
				430CA4CE29771EB700C39A57 /* TabBarController.swift */,
				430CA4D129771F5000C39A57 /* Home */,
				430CA4D229771F5900C39A57 /* Search */,
				430CA4D329771F6800C39A57 /* Favorite */,
				430CA4D429771F7000C39A57 /* Edit */,
			);
			path = Scene;
			sourceTree = "<group>";
		};
		430CA4D129771F5000C39A57 /* Home */ = {
			isa = PBXGroup;
			children = (
				4315E615297A7F2C008EF84E /* Model */,
				430CA4D629771FD300C39A57 /* View */,
				4315E616297A7F33008EF84E /* ViewModel */,
			);
			path = Home;
			sourceTree = "<group>";
		};
		430CA4D229771F5900C39A57 /* Search */ = {
			isa = PBXGroup;
			children = (
				430CA4DA2977202300C39A57 /* Model */,
				430CA4D92977201B00C39A57 /* View */,
				430CA4D82977201200C39A57 /* ViewModel */,
			);
			path = Search;
			sourceTree = "<group>";
		};
		430CA4D329771F6800C39A57 /* Favorite */ = {
			isa = PBXGroup;
			children = (
				430CA4DE2977204800C39A57 /* Model */,
				430CA4DC2977203700C39A57 /* View */,
				430CA4DB2977203000C39A57 /* ViewModel */,
			);
			path = Favorite;
			sourceTree = "<group>";
		};
		430CA4D429771F7000C39A57 /* Edit */ = {
			isa = PBXGroup;
			children = (
				430CA4E12977205C00C39A57 /* Model */,
				430CA4E02977205700C39A57 /* View */,
				430CA4DF2977205200C39A57 /* ViewModel */,
			);
			path = Edit;
			sourceTree = "<group>";
		};
		430CA4D629771FD300C39A57 /* View */ = {
			isa = PBXGroup;
			children = (
				430CA4E42977313200C39A57 /* Cells */,
				430CA4C629771AF700C39A57 /* HomeViewController.swift */,
			);
			path = View;
			sourceTree = "<group>";
		};
		430CA4D82977201200C39A57 /* ViewModel */ = {
			isa = PBXGroup;
			children = (
			);
			path = ViewModel;
			sourceTree = "<group>";
		};
		430CA4D92977201B00C39A57 /* View */ = {
			isa = PBXGroup;
			children = (
				430CA4C829771B0E00C39A57 /* SearchViewController.swift */,
			);
			path = View;
			sourceTree = "<group>";
		};
		430CA4DA2977202300C39A57 /* Model */ = {
			isa = PBXGroup;
			children = (
			);
			path = Model;
			sourceTree = "<group>";
		};
		430CA4DB2977203000C39A57 /* ViewModel */ = {
			isa = PBXGroup;
			children = (
			);
			path = ViewModel;
			sourceTree = "<group>";
		};
		430CA4DC2977203700C39A57 /* View */ = {
			isa = PBXGroup;
			children = (
				430CA4CA29771B2700C39A57 /* FavoriteViewController.swift */,
			);
			path = View;
			sourceTree = "<group>";
		};
		430CA4DE2977204800C39A57 /* Model */ = {
			isa = PBXGroup;
			children = (
			);
			path = Model;
			sourceTree = "<group>";
		};
		430CA4DF2977205200C39A57 /* ViewModel */ = {
			isa = PBXGroup;
			children = (
			);
			path = ViewModel;
			sourceTree = "<group>";
		};
		430CA4E02977205700C39A57 /* View */ = {
			isa = PBXGroup;
			children = (
				430CA4CC29771B4700C39A57 /* EditViewController.swift */,
			);
			path = View;
			sourceTree = "<group>";
		};
		430CA4E12977205C00C39A57 /* Model */ = {
			isa = PBXGroup;
			children = (
			);
			path = Model;
			sourceTree = "<group>";
		};
		430CA4E42977313200C39A57 /* Cells */ = {
			isa = PBXGroup;
			children = (
				430CA4E9297748DF00C39A57 /* Header */,
				43E732372978550E003E7C6E /* HomeVerticalCell.swift */,
				43E732382978550E003E7C6E /* HomeVerticalCell.xib */,
			);
			path = Cells;
			sourceTree = "<group>";
		};
		430CA4E9297748DF00C39A57 /* Header */ = {
			isa = PBXGroup;
			children = (
				430CA4EE29776F3600C39A57 /* HomeHorizontalCell.swift */,
				430CA4EF29776F3600C39A57 /* HomeHorizontalCell.xib */,
				430CA4EA2977513300C39A57 /* HomeHeader.swift */,
				430CA4EB2977513300C39A57 /* HomeHeader.xib */,
			);
			path = Header;
			sourceTree = "<group>";
		};
		4315E615297A7F2C008EF84E /* Model */ = {
			isa = PBXGroup;
			children = (
				4315E61D297A8B9B008EF84E /* Game.swift */,
			);
			path = Model;
			sourceTree = "<group>";
		};
		4315E616297A7F33008EF84E /* ViewModel */ = {
			isa = PBXGroup;
			children = (
				4315E61F297A9002008EF84E /* HomeViewModel.swift */,
			);
			path = ViewModel;
			sourceTree = "<group>";
		};
		4315E617297A7FA3008EF84E /* Main */ = {
			isa = PBXGroup;
			children = (
				43D0AD9B2975D33E0031903D /* InternetHelper.swift */,
				43D0AD992975D3290031903D /* InternetManager.swift */,
			);
			path = Main;
			sourceTree = "<group>";
		};
		4315E618297A7FA9008EF84E /* Home */ = {
			isa = PBXGroup;
			children = (
				4315E619297A803B008EF84E /* HomeHelper.swift */,
				4315E61B297A8049008EF84E /* HomeManager.swift */,
			);
			path = Home;
			sourceTree = "<group>";
		};
		4315E622297B3129008EF84E /* Extension */ = {
			isa = PBXGroup;
			children = (
				4315E623297B315C008EF84E /* UIImageView+Extension.swift */,
			);
			path = Extension;
			sourceTree = "<group>";
		};
		43CB90832975CE79001E991F = {
			isa = PBXGroup;
			children = (
				43CB908E2975CE7A001E991F /* Gameful */,
				43CB908D2975CE7A001E991F /* Products */,
				08CB321A63C1FBA6A012A3E3 /* Pods */,
				336DF1B746D5CCB651B16BCB /* Frameworks */,
			);
			sourceTree = "<group>";
		};
		43CB908D2975CE7A001E991F /* Products */ = {
			isa = PBXGroup;
			children = (
				43CB908C2975CE7A001E991F /* Gameful.app */,
			);
			name = Products;
			sourceTree = "<group>";
		};
		43CB908E2975CE7A001E991F /* Gameful */ = {
			isa = PBXGroup;
			children = (
				4315E622297B3129008EF84E /* Extension */,
				430CA4D029771F4400C39A57 /* Scene */,
				43D0AD982975D25A0031903D /* InternetService */,
				43CB908F2975CE7A001E991F /* AppDelegate.swift */,
				43CB90912975CE7A001E991F /* SceneDelegate.swift */,
				43CB90952975CE7A001E991F /* Main.storyboard */,
				43CB909B2975CE7A001E991F /* Assets.xcassets */,
				43CB909D2975CE7A001E991F /* LaunchScreen.storyboard */,
				43CB90A02975CE7A001E991F /* Info.plist */,
				43CB90982975CE7A001E991F /* Gameful.xcdatamodeld */,
			);
			path = Gameful;
			sourceTree = "<group>";
		};
		43D0AD982975D25A0031903D /* InternetService */ = {
			isa = PBXGroup;
			children = (
				4315E617297A7FA3008EF84E /* Main */,
				4315E618297A7FA9008EF84E /* Home */,
			);
			path = InternetService;
			sourceTree = "<group>";
		};
/* End PBXGroup section */

/* Begin PBXNativeTarget section */
		43CB908B2975CE79001E991F /* Gameful */ = {
			isa = PBXNativeTarget;
			buildConfigurationList = 43CB90A32975CE7A001E991F /* Build configuration list for PBXNativeTarget "Gameful" */;
			buildPhases = (
				7C334CB33315CAC08671C119 /* [CP] Check Pods Manifest.lock */,
				43CB90882975CE79001E991F /* Sources */,
				43CB90892975CE79001E991F /* Frameworks */,
				43CB908A2975CE79001E991F /* Resources */,
				BF9AF36B3559DE44A71A4B8E /* [CP] Embed Pods Frameworks */,
			);
			buildRules = (
			);
			dependencies = (
			);
			name = Gameful;
			productName = Gameful;
			productReference = 43CB908C2975CE7A001E991F /* Gameful.app */;
			productType = "com.apple.product-type.application";
		};
/* End PBXNativeTarget section */

/* Begin PBXProject section */
		43CB90842975CE79001E991F /* Project object */ = {
			isa = PBXProject;
			attributes = {
				BuildIndependentTargetsInParallel = 1;
				LastSwiftUpdateCheck = 1420;
				LastUpgradeCheck = 1420;
				TargetAttributes = {
					43CB908B2975CE79001E991F = {
						CreatedOnToolsVersion = 14.2;
					};
				};
			};
			buildConfigurationList = 43CB90872975CE79001E991F /* Build configuration list for PBXProject "Gameful" */;
			compatibilityVersion = "Xcode 14.0";
			developmentRegion = en;
			hasScannedForEncodings = 0;
			knownRegions = (
				en,
				Base,
			);
			mainGroup = 43CB90832975CE79001E991F;
			productRefGroup = 43CB908D2975CE7A001E991F /* Products */;
			projectDirPath = "";
			projectRoot = "";
			targets = (
				43CB908B2975CE79001E991F /* Gameful */,
			);
		};
/* End PBXProject section */

/* Begin PBXResourcesBuildPhase section */
		43CB908A2975CE79001E991F /* Resources */ = {
			isa = PBXResourcesBuildPhase;
			buildActionMask = 2147483647;
			files = (
				43E7323A2978550E003E7C6E /* HomeVerticalCell.xib in Resources */,
				430CA4ED2977513300C39A57 /* HomeHeader.xib in Resources */,
				430CA4F129776F3600C39A57 /* HomeHorizontalCell.xib in Resources */,
				43CB909F2975CE7A001E991F /* LaunchScreen.storyboard in Resources */,
				43CB909C2975CE7A001E991F /* Assets.xcassets in Resources */,
				43CB90972975CE7A001E991F /* Main.storyboard in Resources */,
			);
			runOnlyForDeploymentPostprocessing = 0;
		};
/* End PBXResourcesBuildPhase section */

/* Begin PBXShellScriptBuildPhase section */
		7C334CB33315CAC08671C119 /* [CP] Check Pods Manifest.lock */ = {
			isa = PBXShellScriptBuildPhase;
			buildActionMask = 2147483647;
			files = (
			);
			inputFileListPaths = (
			);
			inputPaths = (
				"${PODS_PODFILE_DIR_PATH}/Podfile.lock",
				"${PODS_ROOT}/Manifest.lock",
			);
			name = "[CP] Check Pods Manifest.lock";
			outputFileListPaths = (
			);
			outputPaths = (
				"$(DERIVED_FILE_DIR)/Pods-Gameful-checkManifestLockResult.txt",
			);
			runOnlyForDeploymentPostprocessing = 0;
			shellPath = /bin/sh;
			shellScript = "diff \"${PODS_PODFILE_DIR_PATH}/Podfile.lock\" \"${PODS_ROOT}/Manifest.lock\" > /dev/null\nif [ $? != 0 ] ; then\n    # print error to STDERR\n    echo \"error: The sandbox is not in sync with the Podfile.lock. Run 'pod install' or update your CocoaPods installation.\" >&2\n    exit 1\nfi\n# This output is used by Xcode 'outputs' to avoid re-running this script phase.\necho \"SUCCESS\" > \"${SCRIPT_OUTPUT_FILE_0}\"\n";
			showEnvVarsInLog = 0;
		};
		BF9AF36B3559DE44A71A4B8E /* [CP] Embed Pods Frameworks */ = {
			isa = PBXShellScriptBuildPhase;
			buildActionMask = 2147483647;
			files = (
			);
			inputFileListPaths = (
				"${PODS_ROOT}/Target Support Files/Pods-Gameful/Pods-Gameful-frameworks-${CONFIGURATION}-input-files.xcfilelist",
			);
			name = "[CP] Embed Pods Frameworks";
			outputFileListPaths = (
				"${PODS_ROOT}/Target Support Files/Pods-Gameful/Pods-Gameful-frameworks-${CONFIGURATION}-output-files.xcfilelist",
			);
			runOnlyForDeploymentPostprocessing = 0;
			shellPath = /bin/sh;
			shellScript = "\"${PODS_ROOT}/Target Support Files/Pods-Gameful/Pods-Gameful-frameworks.sh\"\n";
			showEnvVarsInLog = 0;
		};
/* End PBXShellScriptBuildPhase section */

/* Begin PBXSourcesBuildPhase section */
		43CB90882975CE79001E991F /* Sources */ = {
			isa = PBXSourcesBuildPhase;
			buildActionMask = 2147483647;
			files = (
				4315E61C297A8049008EF84E /* HomeManager.swift in Sources */,
				4315E620297A9002008EF84E /* HomeViewModel.swift in Sources */,
				43CB909A2975CE7A001E991F /* Gameful.xcdatamodeld in Sources */,
				430CA4C929771B0E00C39A57 /* SearchViewController.swift in Sources */,
				43E732392978550E003E7C6E /* HomeVerticalCell.swift in Sources */,
				43CB90902975CE7A001E991F /* AppDelegate.swift in Sources */,
				430CA4CF29771EB700C39A57 /* TabBarController.swift in Sources */,
				430CA4F029776F3600C39A57 /* HomeHorizontalCell.swift in Sources */,
				43D0AD9A2975D3290031903D /* InternetManager.swift in Sources */,
				430CA4E32977213000C39A57 /* EnteranceViewController.swift in Sources */,
				430CA4EC2977513300C39A57 /* HomeHeader.swift in Sources */,
				43D0AD9C2975D33E0031903D /* InternetHelper.swift in Sources */,
				43CB90922975CE7A001E991F /* SceneDelegate.swift in Sources */,
				430CA4CB29771B2700C39A57 /* FavoriteViewController.swift in Sources */,
				4315E61E297A8B9B008EF84E /* Game.swift in Sources */,
				430CA4C729771AF700C39A57 /* HomeViewController.swift in Sources */,
				430CA4CD29771B4700C39A57 /* EditViewController.swift in Sources */,
				4315E624297B315C008EF84E /* UIImageView+Extension.swift in Sources */,
				4315E61A297A803B008EF84E /* HomeHelper.swift in Sources */,
			);
			runOnlyForDeploymentPostprocessing = 0;
		};
/* End PBXSourcesBuildPhase section */

/* Begin PBXVariantGroup section */
		43CB90952975CE7A001E991F /* Main.storyboard */ = {
			isa = PBXVariantGroup;
			children = (
				43CB90962975CE7A001E991F /* Base */,
			);
			name = Main.storyboard;
			sourceTree = "<group>";
		};
		43CB909D2975CE7A001E991F /* LaunchScreen.storyboard */ = {
			isa = PBXVariantGroup;
			children = (
				43CB909E2975CE7A001E991F /* Base */,
			);
			name = LaunchScreen.storyboard;
			sourceTree = "<group>";
		};
/* End PBXVariantGroup section */

/* Begin XCBuildConfiguration section */
		43CB90A12975CE7A001E991F /* Debug */ = {
			isa = XCBuildConfiguration;
			buildSettings = {
				ALWAYS_SEARCH_USER_PATHS = NO;
				CLANG_ANALYZER_NONNULL = YES;
				CLANG_ANALYZER_NUMBER_OBJECT_CONVERSION = YES_AGGRESSIVE;
				CLANG_CXX_LANGUAGE_STANDARD = "gnu++20";
				CLANG_ENABLE_MODULES = YES;
				CLANG_ENABLE_OBJC_ARC = YES;
				CLANG_ENABLE_OBJC_WEAK = YES;
				CLANG_WARN_BLOCK_CAPTURE_AUTORELEASING = YES;
				CLANG_WARN_BOOL_CONVERSION = YES;
				CLANG_WARN_COMMA = YES;
				CLANG_WARN_CONSTANT_CONVERSION = YES;
				CLANG_WARN_DEPRECATED_OBJC_IMPLEMENTATIONS = YES;
				CLANG_WARN_DIRECT_OBJC_ISA_USAGE = YES_ERROR;
				CLANG_WARN_DOCUMENTATION_COMMENTS = YES;
				CLANG_WARN_EMPTY_BODY = YES;
				CLANG_WARN_ENUM_CONVERSION = YES;
				CLANG_WARN_INFINITE_RECURSION = YES;
				CLANG_WARN_INT_CONVERSION = YES;
				CLANG_WARN_NON_LITERAL_NULL_CONVERSION = YES;
				CLANG_WARN_OBJC_IMPLICIT_RETAIN_SELF = YES;
				CLANG_WARN_OBJC_LITERAL_CONVERSION = YES;
				CLANG_WARN_OBJC_ROOT_CLASS = YES_ERROR;
				CLANG_WARN_QUOTED_INCLUDE_IN_FRAMEWORK_HEADER = YES;
				CLANG_WARN_RANGE_LOOP_ANALYSIS = YES;
				CLANG_WARN_STRICT_PROTOTYPES = YES;
				CLANG_WARN_SUSPICIOUS_MOVE = YES;
				CLANG_WARN_UNGUARDED_AVAILABILITY = YES_AGGRESSIVE;
				CLANG_WARN_UNREACHABLE_CODE = YES;
				CLANG_WARN__DUPLICATE_METHOD_MATCH = YES;
				COPY_PHASE_STRIP = NO;
				DEBUG_INFORMATION_FORMAT = dwarf;
				ENABLE_STRICT_OBJC_MSGSEND = YES;
				ENABLE_TESTABILITY = YES;
				GCC_C_LANGUAGE_STANDARD = gnu11;
				GCC_DYNAMIC_NO_PIC = NO;
				GCC_NO_COMMON_BLOCKS = YES;
				GCC_OPTIMIZATION_LEVEL = 0;
				GCC_PREPROCESSOR_DEFINITIONS = (
					"DEBUG=1",
					"$(inherited)",
				);
				GCC_WARN_64_TO_32_BIT_CONVERSION = YES;
				GCC_WARN_ABOUT_RETURN_TYPE = YES_ERROR;
				GCC_WARN_UNDECLARED_SELECTOR = YES;
				GCC_WARN_UNINITIALIZED_AUTOS = YES_AGGRESSIVE;
				GCC_WARN_UNUSED_FUNCTION = YES;
				GCC_WARN_UNUSED_VARIABLE = YES;
				IPHONEOS_DEPLOYMENT_TARGET = 16.2;
				MTL_ENABLE_DEBUG_INFO = INCLUDE_SOURCE;
				MTL_FAST_MATH = YES;
				ONLY_ACTIVE_ARCH = YES;
				SDKROOT = iphoneos;
				SWIFT_ACTIVE_COMPILATION_CONDITIONS = DEBUG;
				SWIFT_OPTIMIZATION_LEVEL = "-Onone";
			};
			name = Debug;
		};
		43CB90A22975CE7A001E991F /* Release */ = {
			isa = XCBuildConfiguration;
			buildSettings = {
				ALWAYS_SEARCH_USER_PATHS = NO;
				CLANG_ANALYZER_NONNULL = YES;
				CLANG_ANALYZER_NUMBER_OBJECT_CONVERSION = YES_AGGRESSIVE;
				CLANG_CXX_LANGUAGE_STANDARD = "gnu++20";
				CLANG_ENABLE_MODULES = YES;
				CLANG_ENABLE_OBJC_ARC = YES;
				CLANG_ENABLE_OBJC_WEAK = YES;
				CLANG_WARN_BLOCK_CAPTURE_AUTORELEASING = YES;
				CLANG_WARN_BOOL_CONVERSION = YES;
				CLANG_WARN_COMMA = YES;
				CLANG_WARN_CONSTANT_CONVERSION = YES;
				CLANG_WARN_DEPRECATED_OBJC_IMPLEMENTATIONS = YES;
				CLANG_WARN_DIRECT_OBJC_ISA_USAGE = YES_ERROR;
				CLANG_WARN_DOCUMENTATION_COMMENTS = YES;
				CLANG_WARN_EMPTY_BODY = YES;
				CLANG_WARN_ENUM_CONVERSION = YES;
				CLANG_WARN_INFINITE_RECURSION = YES;
				CLANG_WARN_INT_CONVERSION = YES;
				CLANG_WARN_NON_LITERAL_NULL_CONVERSION = YES;
				CLANG_WARN_OBJC_IMPLICIT_RETAIN_SELF = YES;
				CLANG_WARN_OBJC_LITERAL_CONVERSION = YES;
				CLANG_WARN_OBJC_ROOT_CLASS = YES_ERROR;
				CLANG_WARN_QUOTED_INCLUDE_IN_FRAMEWORK_HEADER = YES;
				CLANG_WARN_RANGE_LOOP_ANALYSIS = YES;
				CLANG_WARN_STRICT_PROTOTYPES = YES;
				CLANG_WARN_SUSPICIOUS_MOVE = YES;
				CLANG_WARN_UNGUARDED_AVAILABILITY = YES_AGGRESSIVE;
				CLANG_WARN_UNREACHABLE_CODE = YES;
				CLANG_WARN__DUPLICATE_METHOD_MATCH = YES;
				COPY_PHASE_STRIP = NO;
				DEBUG_INFORMATION_FORMAT = "dwarf-with-dsym";
				ENABLE_NS_ASSERTIONS = NO;
				ENABLE_STRICT_OBJC_MSGSEND = YES;
				GCC_C_LANGUAGE_STANDARD = gnu11;
				GCC_NO_COMMON_BLOCKS = YES;
				GCC_WARN_64_TO_32_BIT_CONVERSION = YES;
				GCC_WARN_ABOUT_RETURN_TYPE = YES_ERROR;
				GCC_WARN_UNDECLARED_SELECTOR = YES;
				GCC_WARN_UNINITIALIZED_AUTOS = YES_AGGRESSIVE;
				GCC_WARN_UNUSED_FUNCTION = YES;
				GCC_WARN_UNUSED_VARIABLE = YES;
				IPHONEOS_DEPLOYMENT_TARGET = 16.2;
				MTL_ENABLE_DEBUG_INFO = NO;
				MTL_FAST_MATH = YES;
				SDKROOT = iphoneos;
				SWIFT_COMPILATION_MODE = wholemodule;
				SWIFT_OPTIMIZATION_LEVEL = "-O";
				VALIDATE_PRODUCT = YES;
			};
			name = Release;
		};
		43CB90A42975CE7A001E991F /* Debug */ = {
			isa = XCBuildConfiguration;
			baseConfigurationReference = 514033EA5888F9ED2213C9CF /* Pods-Gameful.debug.xcconfig */;
			buildSettings = {
				ASSETCATALOG_COMPILER_APPICON_NAME = AppIcon;
				ASSETCATALOG_COMPILER_GLOBAL_ACCENT_COLOR_NAME = AccentColor;
				CODE_SIGN_STYLE = Automatic;
				CURRENT_PROJECT_VERSION = 1;
				DEVELOPMENT_TEAM = C7T7MNSP5C;
				GENERATE_INFOPLIST_FILE = YES;
				INFOPLIST_FILE = Gameful/Info.plist;
				INFOPLIST_KEY_UIApplicationSupportsIndirectInputEvents = YES;
				INFOPLIST_KEY_UILaunchStoryboardName = LaunchScreen;
				INFOPLIST_KEY_UIMainStoryboardFile = Main;
				INFOPLIST_KEY_UISupportedInterfaceOrientations_iPad = "UIInterfaceOrientationPortrait UIInterfaceOrientationPortraitUpsideDown UIInterfaceOrientationLandscapeLeft UIInterfaceOrientationLandscapeRight";
				INFOPLIST_KEY_UISupportedInterfaceOrientations_iPhone = "UIInterfaceOrientationPortrait UIInterfaceOrientationLandscapeLeft UIInterfaceOrientationLandscapeRight";
				LD_RUNPATH_SEARCH_PATHS = (
					"$(inherited)",
					"@executable_path/Frameworks",
				);
				MARKETING_VERSION = 1.0;
				PRODUCT_BUNDLE_IDENTIFIER = com.muratceyhun.Gameful;
				PRODUCT_NAME = "$(TARGET_NAME)";
				SWIFT_EMIT_LOC_STRINGS = YES;
				SWIFT_VERSION = 5.0;
				TARGETED_DEVICE_FAMILY = "1,2";
			};
			name = Debug;
		};
		43CB90A52975CE7A001E991F /* Release */ = {
			isa = XCBuildConfiguration;
			baseConfigurationReference = 89B179F43165C7CCCBF48B5C /* Pods-Gameful.release.xcconfig */;
			buildSettings = {
				ASSETCATALOG_COMPILER_APPICON_NAME = AppIcon;
				ASSETCATALOG_COMPILER_GLOBAL_ACCENT_COLOR_NAME = AccentColor;
				CODE_SIGN_STYLE = Automatic;
				CURRENT_PROJECT_VERSION = 1;
				DEVELOPMENT_TEAM = C7T7MNSP5C;
				GENERATE_INFOPLIST_FILE = YES;
				INFOPLIST_FILE = Gameful/Info.plist;
				INFOPLIST_KEY_UIApplicationSupportsIndirectInputEvents = YES;
				INFOPLIST_KEY_UILaunchStoryboardName = LaunchScreen;
				INFOPLIST_KEY_UIMainStoryboardFile = Main;
				INFOPLIST_KEY_UISupportedInterfaceOrientations_iPad = "UIInterfaceOrientationPortrait UIInterfaceOrientationPortraitUpsideDown UIInterfaceOrientationLandscapeLeft UIInterfaceOrientationLandscapeRight";
				INFOPLIST_KEY_UISupportedInterfaceOrientations_iPhone = "UIInterfaceOrientationPortrait UIInterfaceOrientationLandscapeLeft UIInterfaceOrientationLandscapeRight";
				LD_RUNPATH_SEARCH_PATHS = (
					"$(inherited)",
					"@executable_path/Frameworks",
				);
				MARKETING_VERSION = 1.0;
				PRODUCT_BUNDLE_IDENTIFIER = com.muratceyhun.Gameful;
				PRODUCT_NAME = "$(TARGET_NAME)";
				SWIFT_EMIT_LOC_STRINGS = YES;
				SWIFT_VERSION = 5.0;
				TARGETED_DEVICE_FAMILY = "1,2";
			};
			name = Release;
		};
/* End XCBuildConfiguration section */

/* Begin XCConfigurationList section */
		43CB90872975CE79001E991F /* Build configuration list for PBXProject "Gameful" */ = {
			isa = XCConfigurationList;
			buildConfigurations = (
				43CB90A12975CE7A001E991F /* Debug */,
				43CB90A22975CE7A001E991F /* Release */,
			);
			defaultConfigurationIsVisible = 0;
			defaultConfigurationName = Release;
		};
		43CB90A32975CE7A001E991F /* Build configuration list for PBXNativeTarget "Gameful" */ = {
			isa = XCConfigurationList;
			buildConfigurations = (
				43CB90A42975CE7A001E991F /* Debug */,
				43CB90A52975CE7A001E991F /* Release */,
			);
			defaultConfigurationIsVisible = 0;
			defaultConfigurationName = Release;
		};
/* End XCConfigurationList section */

/* Begin XCVersionGroup section */
		43CB90982975CE7A001E991F /* Gameful.xcdatamodeld */ = {
			isa = XCVersionGroup;
			children = (
				43CB90992975CE7A001E991F /* Gameful.xcdatamodel */,
			);
			currentVersion = 43CB90992975CE7A001E991F /* Gameful.xcdatamodel */;
			path = Gameful.xcdatamodeld;
			sourceTree = "<group>";
			versionGroupType = wrapper.xcdatamodel;
		};
/* End XCVersionGroup section */
	};
	rootObject = 43CB90842975CE79001E991F /* Project object */;
}
