// !$*UTF8*$!
{
	archiveVersion = 1;
	classes = {
	};
	objectVersion = 56;
	objects = {

/* Begin PBXBuildFile section */
		43CB90902975CE7A001E991F /* AppDelegate.swift in Sources */ = {isa = PBXBuildFile; fileRef = 43CB908F2975CE7A001E991F /* AppDelegate.swift */; };
		43CB90922975CE7A001E991F /* SceneDelegate.swift in Sources */ = {isa = PBXBuildFile; fileRef = 43CB90912975CE7A001E991F /* SceneDelegate.swift */; };
		43CB90942975CE7A001E991F /* ViewController.swift in Sources */ = {isa = PBXBuildFile; fileRef = 43CB90932975CE7A001E991F /* ViewController.swift */; };
		43CB90972975CE7A001E991F /* Main.storyboard in Resources */ = {isa = PBXBuildFile; fileRef = 43CB90952975CE7A001E991F /* Main.storyboard */; };
		43CB909A2975CE7A001E991F /* Gameful.xcdatamodeld in Sources */ = {isa = PBXBuildFile; fileRef = 43CB90982975CE7A001E991F /* Gameful.xcdatamodeld */; };
		43CB909C2975CE7A001E991F /* Assets.xcassets in Resources */ = {isa = PBXBuildFile; fileRef = 43CB909B2975CE7A001E991F /* Assets.xcassets */; };
		43CB909F2975CE7A001E991F /* LaunchScreen.storyboard in Resources */ = {isa = PBXBuildFile; fileRef = 43CB909D2975CE7A001E991F /* LaunchScreen.storyboard */; };
		F6F24B3FB73AC21E2F867FC3 /* Pods_Gameful.framework in Frameworks */ = {isa = PBXBuildFile; fileRef = 5BD53A7E8CC597E4FD01A4F4 /* Pods_Gameful.framework */; };
/* End PBXBuildFile section */

/* Begin PBXFileReference section */
		43CB908C2975CE7A001E991F /* Gameful.app */ = {isa = PBXFileReference; explicitFileType = wrapper.application; includeInIndex = 0; path = Gameful.app; sourceTree = BUILT_PRODUCTS_DIR; };
		43CB908F2975CE7A001E991F /* AppDelegate.swift */ = {isa = PBXFileReference; lastKnownFileType = sourcecode.swift; path = AppDelegate.swift; sourceTree = "<group>"; };
		43CB90912975CE7A001E991F /* SceneDelegate.swift */ = {isa = PBXFileReference; lastKnownFileType = sourcecode.swift; path = SceneDelegate.swift; sourceTree = "<group>"; };
		43CB90932975CE7A001E991F /* ViewController.swift */ = {isa = PBXFileReference; lastKnownFileType = sourcecode.swift; path = ViewController.swift; sourceTree = "<group>"; };
		43CB90962975CE7A001E991F /* Base */ = {isa = PBXFileReference; lastKnownFileType = file.storyboard; name = Base; path = Base.lproj/Main.storyboard; sourceTree = "<group>"; };
		43CB90992975CE7A001E991F /* Gameful.xcdatamodel */ = {isa = PBXFileReference; lastKnownFileType = wrapper.xcdatamodel; path = Gameful.xcdatamodel; sourceTree = "<group>"; };
		43CB909B2975CE7A001E991F /* Assets.xcassets */ = {isa = PBXFileReference; lastKnownFileType = folder.assetcatalog; path = Assets.xcassets; sourceTree = "<group>"; };
		43CB909E2975CE7A001E991F /* Base */ = {isa = PBXFileReference; lastKnownFileType = file.storyboard; name = Base; path = Base.lproj/LaunchScreen.storyboard; sourceTree = "<group>"; };
		43CB90A02975CE7A001E991F /* Info.plist */ = {isa = PBXFileReference; lastKnownFileType = text.plist.xml; path = Info.plist; sourceTree = "<group>"; };
		514033EA5888F9ED2213C9CF /* Pods-Gameful.debug.xcconfig */ = {isa = PBXFileReference; includeInIndex = 1; lastKnownFileType = text.xcconfig; name = "Pods-Gameful.debug.xcconfig"; path = "Target Support Files/Pods-Gameful/Pods-Gameful.debug.xcconfig"; sourceTree = "<group>"; };
		5BD53A7E8CC597E4FD01A4F4 /* Pods_Gameful.framework */ = {isa = PBXFileReference; explicitFileType = wrapper.framework; includeInIndex = 0; path = Pods_Gameful.framework; sourceTree = BUILT_PRODUCTS_DIR; };
		89B179F43165C7CCCBF48B5C /* Pods-Gameful.release.xcconfig */ = {isa = PBXFileReference; includeInIndex = 1; lastKnownFileType = text.xcconfig; name = "Pods-Gameful.release.xcconfig"; path = "Target Support Files/Pods-Gameful/Pods-Gameful.release.xcconfig"; sourceTree = "<group>"; };
/* End PBXFileReference section */

/* Begin PBXFrameworksBuildPhase section */
		43CB90892975CE79001E991F /* Frameworks */ = {
			isa = PBXFrameworksBuildPhase;
			buildActionMask = 2147483647;
			files = (
				F6F24B3FB73AC21E2F867FC3 /* Pods_Gameful.framework in Frameworks */,
			);
			runOnlyForDeploymentPostprocessing = 0;
		};
/* End PBXFrameworksBuildPhase section */

/* Begin PBXGroup section */
		08CB321A63C1FBA6A012A3E3 /* Pods */ = {
			isa = PBXGroup;
			children = (
				514033EA5888F9ED2213C9CF /* Pods-Gameful.debug.xcconfig */,
				89B179F43165C7CCCBF48B5C /* Pods-Gameful.release.xcconfig */,
			);
			name = Pods;
			path = Pods;
			sourceTree = "<group>";
		};
		336DF1B746D5CCB651B16BCB /* Frameworks */ = {
			isa = PBXGroup;
			children = (
				5BD53A7E8CC597E4FD01A4F4 /* Pods_Gameful.framework */,
			);
			name = Frameworks;
			sourceTree = "<group>";
		};
		43CB90832975CE79001E991F = {
			isa = PBXGroup;
			children = (
				43CB908E2975CE7A001E991F /* Gameful */,
				43CB908D2975CE7A001E991F /* Products */,
				08CB321A63C1FBA6A012A3E3 /* Pods */,
				336DF1B746D5CCB651B16BCB /* Frameworks */,
			);
			sourceTree = "<group>";
		};
		43CB908D2975CE7A001E991F /* Products */ = {
			isa = PBXGroup;
			children = (
				43CB908C2975CE7A001E991F /* Gameful.app */,
			);
			name = Products;
			sourceTree = "<group>";
		};
		43CB908E2975CE7A001E991F /* Gameful */ = {
			isa = PBXGroup;
			children = (
				43CB908F2975CE7A001E991F /* AppDelegate.swift */,
				43CB90912975CE7A001E991F /* SceneDelegate.swift */,
				43CB90932975CE7A001E991F /* ViewController.swift */,
				43CB90952975CE7A001E991F /* Main.storyboard */,
				43CB909B2975CE7A001E991F /* Assets.xcassets */,
				43CB909D2975CE7A001E991F /* LaunchScreen.storyboard */,
				43CB90A02975CE7A001E991F /* Info.plist */,
				43CB90982975CE7A001E991F /* Gameful.xcdatamodeld */,
			);
			path = Gameful;
			sourceTree = "<group>";
		};
/* End PBXGroup section */

/* Begin PBXNativeTarget section */
		43CB908B2975CE79001E991F /* Gameful */ = {
			isa = PBXNativeTarget;
			buildConfigurationList = 43CB90A32975CE7A001E991F /* Build configuration list for PBXNativeTarget "Gameful" */;
			buildPhases = (
				7C334CB33315CAC08671C119 /* [CP] Check Pods Manifest.lock */,
				43CB90882975CE79001E991F /* Sources */,
				43CB90892975CE79001E991F /* Frameworks */,
				43CB908A2975CE79001E991F /* Resources */,
				BF9AF36B3559DE44A71A4B8E /* [CP] Embed Pods Frameworks */,
			);
			buildRules = (
			);
			dependencies = (
			);
			name = Gameful;
			productName = Gameful;
			productReference = 43CB908C2975CE7A001E991F /* Gameful.app */;
			productType = "com.apple.product-type.application";
		};
/* End PBXNativeTarget section */

/* Begin PBXProject section */
		43CB90842975CE79001E991F /* Project object */ = {
			isa = PBXProject;
			attributes = {
				BuildIndependentTargetsInParallel = 1;
				LastSwiftUpdateCheck = 1420;
				LastUpgradeCheck = 1420;
				TargetAttributes = {
					43CB908B2975CE79001E991F = {
						CreatedOnToolsVersion = 14.2;
					};
				};
			};
			buildConfigurationList = 43CB90872975CE79001E991F /* Build configuration list for PBXProject "Gameful" */;
			compatibilityVersion = "Xcode 14.0";
			developmentRegion = en;
			hasScannedForEncodings = 0;
			knownRegions = (
				en,
				Base,
			);
			mainGroup = 43CB90832975CE79001E991F;
			productRefGroup = 43CB908D2975CE7A001E991F /* Products */;
			projectDirPath = "";
			projectRoot = "";
			targets = (
				43CB908B2975CE79001E991F /* Gameful */,
			);
		};
/* End PBXProject section */

/* Begin PBXResourcesBuildPhase section */
		43CB908A2975CE79001E991F /* Resources */ = {
			isa = PBXResourcesBuildPhase;
			buildActionMask = 2147483647;
			files = (
				43CB909F2975CE7A001E991F /* LaunchScreen.storyboard in Resources */,
				43CB909C2975CE7A001E991F /* Assets.xcassets in Resources */,
				43CB90972975CE7A001E991F /* Main.storyboard in Resources */,
			);
			runOnlyForDeploymentPostprocessing = 0;
		};
/* End PBXResourcesBuildPhase section */

/* Begin PBXShellScriptBuildPhase section */
		7C334CB33315CAC08671C119 /* [CP] Check Pods Manifest.lock */ = {
			isa = PBXShellScriptBuildPhase;
			buildActionMask = 2147483647;
			files = (
			);
			inputFileListPaths = (
			);
			inputPaths = (
				"${PODS_PODFILE_DIR_PATH}/Podfile.lock",
				"${PODS_ROOT}/Manifest.lock",
			);
			name = "[CP] Check Pods Manifest.lock";
			outputFileListPaths = (
			);
			outputPaths = (
				"$(DERIVED_FILE_DIR)/Pods-Gameful-checkManifestLockResult.txt",
			);
			runOnlyForDeploymentPostprocessing = 0;
			shellPath = /bin/sh;
			shellScript = "diff \"${PODS_PODFILE_DIR_PATH}/Podfile.lock\" \"${PODS_ROOT}/Manifest.lock\" > /dev/null\nif [ $? != 0 ] ; then\n    # print error to STDERR\n    echo \"error: The sandbox is not in sync with the Podfile.lock. Run 'pod install' or update your CocoaPods installation.\" >&2\n    exit 1\nfi\n# This output is used by Xcode 'outputs' to avoid re-running this script phase.\necho \"SUCCESS\" > \"${SCRIPT_OUTPUT_FILE_0}\"\n";
			showEnvVarsInLog = 0;
		};
		BF9AF36B3559DE44A71A4B8E /* [CP] Embed Pods Frameworks */ = {
			isa = PBXShellScriptBuildPhase;
			buildActionMask = 2147483647;
			files = (
			);
			inputFileListPaths = (
				"${PODS_ROOT}/Target Support Files/Pods-Gameful/Pods-Gameful-frameworks-${CONFIGURATION}-input-files.xcfilelist",
			);
			name = "[CP] Embed Pods Frameworks";
			outputFileListPaths = (
				"${PODS_ROOT}/Target Support Files/Pods-Gameful/Pods-Gameful-frameworks-${CONFIGURATION}-output-files.xcfilelist",
			);
			runOnlyForDeploymentPostprocessing = 0;
			shellPath = /bin/sh;
			shellScript = "\"${PODS_ROOT}/Target Support Files/Pods-Gameful/Pods-Gameful-frameworks.sh\"\n";
			showEnvVarsInLog = 0;
		};
/* End PBXShellScriptBuildPhase section */

/* Begin PBXSourcesBuildPhase section */
		43CB90882975CE79001E991F /* Sources */ = {
			isa = PBXSourcesBuildPhase;
			buildActionMask = 2147483647;
			files = (
				43CB90942975CE7A001E991F /* ViewController.swift in Sources */,
				43CB909A2975CE7A001E991F /* Gameful.xcdatamodeld in Sources */,
				43CB90902975CE7A001E991F /* AppDelegate.swift in Sources */,
				43CB90922975CE7A001E991F /* SceneDelegate.swift in Sources */,
			);
			runOnlyForDeploymentPostprocessing = 0;
		};
/* End PBXSourcesBuildPhase section */

/* Begin PBXVariantGroup section */
		43CB90952975CE7A001E991F /* Main.storyboard */ = {
			isa = PBXVariantGroup;
			children = (
				43CB90962975CE7A001E991F /* Base */,
			);
			name = Main.storyboard;
			sourceTree = "<group>";
		};
		43CB909D2975CE7A001E991F /* LaunchScreen.storyboard */ = {
			isa = PBXVariantGroup;
			children = (
				43CB909E2975CE7A001E991F /* Base */,
			);
			name = LaunchScreen.storyboard;
			sourceTree = "<group>";
		};
/* End PBXVariantGroup section */

/* Begin XCBuildConfiguration section */
		43CB90A12975CE7A001E991F /* Debug */ = {
			isa = XCBuildConfiguration;
			buildSettings = {
				ALWAYS_SEARCH_USER_PATHS = NO;
				CLANG_ANALYZER_NONNULL = YES;
				CLANG_ANALYZER_NUMBER_OBJECT_CONVERSION = YES_AGGRESSIVE;
				CLANG_CXX_LANGUAGE_STANDARD = "gnu++20";
				CLANG_ENABLE_MODULES = YES;
				CLANG_ENABLE_OBJC_ARC = YES;
				CLANG_ENABLE_OBJC_WEAK = YES;
				CLANG_WARN_BLOCK_CAPTURE_AUTORELEASING = YES;
				CLANG_WARN_BOOL_CONVERSION = YES;
				CLANG_WARN_COMMA = YES;
				CLANG_WARN_CONSTANT_CONVERSION = YES;
				CLANG_WARN_DEPRECATED_OBJC_IMPLEMENTATIONS = YES;
				CLANG_WARN_DIRECT_OBJC_ISA_USAGE = YES_ERROR;
				CLANG_WARN_DOCUMENTATION_COMMENTS = YES;
				CLANG_WARN_EMPTY_BODY = YES;
				CLANG_WARN_ENUM_CONVERSION = YES;
				CLANG_WARN_INFINITE_RECURSION = YES;
				CLANG_WARN_INT_CONVERSION = YES;
				CLANG_WARN_NON_LITERAL_NULL_CONVERSION = YES;
				CLANG_WARN_OBJC_IMPLICIT_RETAIN_SELF = YES;
				CLANG_WARN_OBJC_LITERAL_CONVERSION = YES;
				CLANG_WARN_OBJC_ROOT_CLASS = YES_ERROR;
				CLANG_WARN_QUOTED_INCLUDE_IN_FRAMEWORK_HEADER = YES;
				CLANG_WARN_RANGE_LOOP_ANALYSIS = YES;
				CLANG_WARN_STRICT_PROTOTYPES = YES;
				CLANG_WARN_SUSPICIOUS_MOVE = YES;
				CLANG_WARN_UNGUARDED_AVAILABILITY = YES_AGGRESSIVE;
				CLANG_WARN_UNREACHABLE_CODE = YES;
				CLANG_WARN__DUPLICATE_METHOD_MATCH = YES;
				COPY_PHASE_STRIP = NO;
				DEBUG_INFORMATION_FORMAT = dwarf;
				ENABLE_STRICT_OBJC_MSGSEND = YES;
				ENABLE_TESTABILITY = YES;
				GCC_C_LANGUAGE_STANDARD = gnu11;
				GCC_DYNAMIC_NO_PIC = NO;
				GCC_NO_COMMON_BLOCKS = YES;
				GCC_OPTIMIZATION_LEVEL = 0;
				GCC_PREPROCESSOR_DEFINITIONS = (
					"DEBUG=1",
					"$(inherited)",
				);
				GCC_WARN_64_TO_32_BIT_CONVERSION = YES;
				GCC_WARN_ABOUT_RETURN_TYPE = YES_ERROR;
				GCC_WARN_UNDECLARED_SELECTOR = YES;
				GCC_WARN_UNINITIALIZED_AUTOS = YES_AGGRESSIVE;
				GCC_WARN_UNUSED_FUNCTION = YES;
				GCC_WARN_UNUSED_VARIABLE = YES;
				IPHONEOS_DEPLOYMENT_TARGET = 16.2;
				MTL_ENABLE_DEBUG_INFO = INCLUDE_SOURCE;
				MTL_FAST_MATH = YES;
				ONLY_ACTIVE_ARCH = YES;
				SDKROOT = iphoneos;
				SWIFT_ACTIVE_COMPILATION_CONDITIONS = DEBUG;
				SWIFT_OPTIMIZATION_LEVEL = "-Onone";
			};
			name = Debug;
		};
		43CB90A22975CE7A001E991F /* Release */ = {
			isa = XCBuildConfiguration;
			buildSettings = {
				ALWAYS_SEARCH_USER_PATHS = NO;
				CLANG_ANALYZER_NONNULL = YES;
				CLANG_ANALYZER_NUMBER_OBJECT_CONVERSION = YES_AGGRESSIVE;
				CLANG_CXX_LANGUAGE_STANDARD = "gnu++20";
				CLANG_ENABLE_MODULES = YES;
				CLANG_ENABLE_OBJC_ARC = YES;
				CLANG_ENABLE_OBJC_WEAK = YES;
				CLANG_WARN_BLOCK_CAPTURE_AUTORELEASING = YES;
				CLANG_WARN_BOOL_CONVERSION = YES;
				CLANG_WARN_COMMA = YES;
				CLANG_WARN_CONSTANT_CONVERSION = YES;
				CLANG_WARN_DEPRECATED_OBJC_IMPLEMENTATIONS = YES;
				CLANG_WARN_DIRECT_OBJC_ISA_USAGE = YES_ERROR;
				CLANG_WARN_DOCUMENTATION_COMMENTS = YES;
				CLANG_WARN_EMPTY_BODY = YES;
				CLANG_WARN_ENUM_CONVERSION = YES;
				CLANG_WARN_INFINITE_RECURSION = YES;
				CLANG_WARN_INT_CONVERSION = YES;
				CLANG_WARN_NON_LITERAL_NULL_CONVERSION = YES;
				CLANG_WARN_OBJC_IMPLICIT_RETAIN_SELF = YES;
				CLANG_WARN_OBJC_LITERAL_CONVERSION = YES;
				CLANG_WARN_OBJC_ROOT_CLASS = YES_ERROR;
				CLANG_WARN_QUOTED_INCLUDE_IN_FRAMEWORK_HEADER = YES;
				CLANG_WARN_RANGE_LOOP_ANALYSIS = YES;
				CLANG_WARN_STRICT_PROTOTYPES = YES;
				CLANG_WARN_SUSPICIOUS_MOVE = YES;
				CLANG_WARN_UNGUARDED_AVAILABILITY = YES_AGGRESSIVE;
				CLANG_WARN_UNREACHABLE_CODE = YES;
				CLANG_WARN__DUPLICATE_METHOD_MATCH = YES;
				COPY_PHASE_STRIP = NO;
				DEBUG_INFORMATION_FORMAT = "dwarf-with-dsym";
				ENABLE_NS_ASSERTIONS = NO;
				ENABLE_STRICT_OBJC_MSGSEND = YES;
				GCC_C_LANGUAGE_STANDARD = gnu11;
				GCC_NO_COMMON_BLOCKS = YES;
				GCC_WARN_64_TO_32_BIT_CONVERSION = YES;
				GCC_WARN_ABOUT_RETURN_TYPE = YES_ERROR;
				GCC_WARN_UNDECLARED_SELECTOR = YES;
				GCC_WARN_UNINITIALIZED_AUTOS = YES_AGGRESSIVE;
				GCC_WARN_UNUSED_FUNCTION = YES;
				GCC_WARN_UNUSED_VARIABLE = YES;
				IPHONEOS_DEPLOYMENT_TARGET = 16.2;
				MTL_ENABLE_DEBUG_INFO = NO;
				MTL_FAST_MATH = YES;
				SDKROOT = iphoneos;
				SWIFT_COMPILATION_MODE = wholemodule;
				SWIFT_OPTIMIZATION_LEVEL = "-O";
				VALIDATE_PRODUCT = YES;
			};
			name = Release;
		};
		43CB90A42975CE7A001E991F /* Debug */ = {
			isa = XCBuildConfiguration;
			baseConfigurationReference = 514033EA5888F9ED2213C9CF /* Pods-Gameful.debug.xcconfig */;
			buildSettings = {
				ASSETCATALOG_COMPILER_APPICON_NAME = AppIcon;
				ASSETCATALOG_COMPILER_GLOBAL_ACCENT_COLOR_NAME = AccentColor;
				CODE_SIGN_STYLE = Automatic;
				CURRENT_PROJECT_VERSION = 1;
				DEVELOPMENT_TEAM = C7T7MNSP5C;
				GENERATE_INFOPLIST_FILE = YES;
				INFOPLIST_FILE = Gameful/Info.plist;
				INFOPLIST_KEY_UIApplicationSupportsIndirectInputEvents = YES;
				INFOPLIST_KEY_UILaunchStoryboardName = LaunchScreen;
				INFOPLIST_KEY_UIMainStoryboardFile = Main;
				INFOPLIST_KEY_UISupportedInterfaceOrientations_iPad = "UIInterfaceOrientationPortrait UIInterfaceOrientationPortraitUpsideDown UIInterfaceOrientationLandscapeLeft UIInterfaceOrientationLandscapeRight";
				INFOPLIST_KEY_UISupportedInterfaceOrientations_iPhone = "UIInterfaceOrientationPortrait UIInterfaceOrientationLandscapeLeft UIInterfaceOrientationLandscapeRight";
				LD_RUNPATH_SEARCH_PATHS = (
					"$(inherited)",
					"@executable_path/Frameworks",
				);
				MARKETING_VERSION = 1.0;
				PRODUCT_BUNDLE_IDENTIFIER = com.muratceyhun.Gameful;
				PRODUCT_NAME = "$(TARGET_NAME)";
				SWIFT_EMIT_LOC_STRINGS = YES;
				SWIFT_VERSION = 5.0;
				TARGETED_DEVICE_FAMILY = "1,2";
			};
			name = Debug;
		};
		43CB90A52975CE7A001E991F /* Release */ = {
			isa = XCBuildConfiguration;
			baseConfigurationReference = 89B179F43165C7CCCBF48B5C /* Pods-Gameful.release.xcconfig */;
			buildSettings = {
				ASSETCATALOG_COMPILER_APPICON_NAME = AppIcon;
				ASSETCATALOG_COMPILER_GLOBAL_ACCENT_COLOR_NAME = AccentColor;
				CODE_SIGN_STYLE = Automatic;
				CURRENT_PROJECT_VERSION = 1;
				DEVELOPMENT_TEAM = C7T7MNSP5C;
				GENERATE_INFOPLIST_FILE = YES;
				INFOPLIST_FILE = Gameful/Info.plist;
				INFOPLIST_KEY_UIApplicationSupportsIndirectInputEvents = YES;
				INFOPLIST_KEY_UILaunchStoryboardName = LaunchScreen;
				INFOPLIST_KEY_UIMainStoryboardFile = Main;
				INFOPLIST_KEY_UISupportedInterfaceOrientations_iPad = "UIInterfaceOrientationPortrait UIInterfaceOrientationPortraitUpsideDown UIInterfaceOrientationLandscapeLeft UIInterfaceOrientationLandscapeRight";
				INFOPLIST_KEY_UISupportedInterfaceOrientations_iPhone = "UIInterfaceOrientationPortrait UIInterfaceOrientationLandscapeLeft UIInterfaceOrientationLandscapeRight";
				LD_RUNPATH_SEARCH_PATHS = (
					"$(inherited)",
					"@executable_path/Frameworks",
				);
				MARKETING_VERSION = 1.0;
				PRODUCT_BUNDLE_IDENTIFIER = com.muratceyhun.Gameful;
				PRODUCT_NAME = "$(TARGET_NAME)";
				SWIFT_EMIT_LOC_STRINGS = YES;
				SWIFT_VERSION = 5.0;
				TARGETED_DEVICE_FAMILY = "1,2";
			};
			name = Release;
		};
/* End XCBuildConfiguration section */

/* Begin XCConfigurationList section */
		43CB90872975CE79001E991F /* Build configuration list for PBXProject "Gameful" */ = {
			isa = XCConfigurationList;
			buildConfigurations = (
				43CB90A12975CE7A001E991F /* Debug */,
				43CB90A22975CE7A001E991F /* Release */,
			);
			defaultConfigurationIsVisible = 0;
			defaultConfigurationName = Release;
		};
		43CB90A32975CE7A001E991F /* Build configuration list for PBXNativeTarget "Gameful" */ = {
			isa = XCConfigurationList;
			buildConfigurations = (
				43CB90A42975CE7A001E991F /* Debug */,
				43CB90A52975CE7A001E991F /* Release */,
			);
			defaultConfigurationIsVisible = 0;
			defaultConfigurationName = Release;
		};
/* End XCConfigurationList section */

/* Begin XCVersionGroup section */
		43CB90982975CE7A001E991F /* Gameful.xcdatamodeld */ = {
			isa = XCVersionGroup;
			children = (
				43CB90992975CE7A001E991F /* Gameful.xcdatamodel */,
			);
			currentVersion = 43CB90992975CE7A001E991F /* Gameful.xcdatamodel */;
			path = Gameful.xcdatamodeld;
			sourceTree = "<group>";
			versionGroupType = wrapper.xcdatamodel;
		};
/* End XCVersionGroup section */
	};
	rootObject = 43CB90842975CE79001E991F /* Project object */;
}
